// !$*UTF8*$!
{
	archiveVersion = 1;
	classes = {
	};
	objectVersion = 51;
	objects = {

/* Begin PBXBuildFile section */
		6304BD5B252F8E5A00B47B33 /* Database.swift in Sources */ = {isa = PBXBuildFile; fileRef = 6304BD5A252F8E5A00B47B33 /* Database.swift */; };
		634A7B28252F36E800F28A67 /* AppDelegate.swift in Sources */ = {isa = PBXBuildFile; fileRef = 634A7B27252F36E800F28A67 /* AppDelegate.swift */; };
		634A7B2A252F36E800F28A67 /* SceneDelegate.swift in Sources */ = {isa = PBXBuildFile; fileRef = 634A7B29252F36E800F28A67 /* SceneDelegate.swift */; };
		634A7B2C252F36E800F28A67 /* topViewController.swift in Sources */ = {isa = PBXBuildFile; fileRef = 634A7B2B252F36E800F28A67 /* topViewController.swift */; };
		634A7B2F252F36E800F28A67 /* Main.storyboard in Resources */ = {isa = PBXBuildFile; fileRef = 634A7B2D252F36E800F28A67 /* Main.storyboard */; };
		634A7B32252F36E800F28A67 /* Top_Stories.xcdatamodeld in Sources */ = {isa = PBXBuildFile; fileRef = 634A7B30252F36E800F28A67 /* Top_Stories.xcdatamodeld */; };
		634A7B34252F36EE00F28A67 /* Assets.xcassets in Resources */ = {isa = PBXBuildFile; fileRef = 634A7B33252F36EE00F28A67 /* Assets.xcassets */; };
		634A7B37252F36EE00F28A67 /* LaunchScreen.storyboard in Resources */ = {isa = PBXBuildFile; fileRef = 634A7B35252F36EE00F28A67 /* LaunchScreen.storyboard */; };
		63F1BAE12530A89700B7180D /* topStoriesCell.swift in Sources */ = {isa = PBXBuildFile; fileRef = 63F1BAE02530A89700B7180D /* topStoriesCell.swift */; };
		63F1BAE42534FEAD00B7180D /* Network.swift in Sources */ = {isa = PBXBuildFile; fileRef = 63F1BAE32534FEAC00B7180D /* Network.swift */; };
		D6945A26058B33D6F94691A3 /* Pods_Top_Stories.framework in Frameworks */ = {isa = PBXBuildFile; fileRef = 3E125666A92BFA8A42C53746 /* Pods_Top_Stories.framework */; };
/* End PBXBuildFile section */

/* Begin PBXFileReference section */
		3E125666A92BFA8A42C53746 /* Pods_Top_Stories.framework */ = {isa = PBXFileReference; explicitFileType = wrapper.framework; includeInIndex = 0; path = Pods_Top_Stories.framework; sourceTree = BUILT_PRODUCTS_DIR; };
		4CF3C0017768B511F77FF34E /* Pods-Top Stories.release.xcconfig */ = {isa = PBXFileReference; includeInIndex = 1; lastKnownFileType = text.xcconfig; name = "Pods-Top Stories.release.xcconfig"; path = "Target Support Files/Pods-Top Stories/Pods-Top Stories.release.xcconfig"; sourceTree = "<group>"; };
		6304BD5A252F8E5A00B47B33 /* Database.swift */ = {isa = PBXFileReference; lastKnownFileType = sourcecode.swift; path = Database.swift; sourceTree = "<group>"; };
		634A7B24252F36E800F28A67 /* Top Stories.app */ = {isa = PBXFileReference; explicitFileType = wrapper.application; includeInIndex = 0; path = "Top Stories.app"; sourceTree = BUILT_PRODUCTS_DIR; };
		634A7B27252F36E800F28A67 /* AppDelegate.swift */ = {isa = PBXFileReference; lastKnownFileType = sourcecode.swift; path = AppDelegate.swift; sourceTree = "<group>"; };
		634A7B29252F36E800F28A67 /* SceneDelegate.swift */ = {isa = PBXFileReference; lastKnownFileType = sourcecode.swift; path = SceneDelegate.swift; sourceTree = "<group>"; };
		634A7B2B252F36E800F28A67 /* topViewController.swift */ = {isa = PBXFileReference; lastKnownFileType = sourcecode.swift; path = topViewController.swift; sourceTree = "<group>"; };
		634A7B2E252F36E800F28A67 /* Base */ = {isa = PBXFileReference; lastKnownFileType = file.storyboard; name = Base; path = Base.lproj/Main.storyboard; sourceTree = "<group>"; };
		634A7B31252F36E800F28A67 /* Top_Stories.xcdatamodel */ = {isa = PBXFileReference; lastKnownFileType = wrapper.xcdatamodel; path = Top_Stories.xcdatamodel; sourceTree = "<group>"; };
		634A7B33252F36EE00F28A67 /* Assets.xcassets */ = {isa = PBXFileReference; lastKnownFileType = folder.assetcatalog; path = Assets.xcassets; sourceTree = "<group>"; };
		634A7B36252F36EE00F28A67 /* Base */ = {isa = PBXFileReference; lastKnownFileType = file.storyboard; name = Base; path = Base.lproj/LaunchScreen.storyboard; sourceTree = "<group>"; };
		634A7B38252F36EE00F28A67 /* Info.plist */ = {isa = PBXFileReference; lastKnownFileType = text.plist.xml; path = Info.plist; sourceTree = "<group>"; };
		63F1BAE02530A89700B7180D /* topStoriesCell.swift */ = {isa = PBXFileReference; lastKnownFileType = sourcecode.swift; path = topStoriesCell.swift; sourceTree = "<group>"; };
		63F1BAE32534FEAC00B7180D /* Network.swift */ = {isa = PBXFileReference; lastKnownFileType = sourcecode.swift; path = Network.swift; sourceTree = "<group>"; };
		AC570E4BABB942942C2B6821 /* Pods-Top Stories.debug.xcconfig */ = {isa = PBXFileReference; includeInIndex = 1; lastKnownFileType = text.xcconfig; name = "Pods-Top Stories.debug.xcconfig"; path = "Target Support Files/Pods-Top Stories/Pods-Top Stories.debug.xcconfig"; sourceTree = "<group>"; };
/* End PBXFileReference section */

/* Begin PBXFrameworksBuildPhase section */
		634A7B21252F36E800F28A67 /* Frameworks */ = {
			isa = PBXFrameworksBuildPhase;
			buildActionMask = 2147483647;
			files = (
				D6945A26058B33D6F94691A3 /* Pods_Top_Stories.framework in Frameworks */,
			);
			runOnlyForDeploymentPostprocessing = 0;
		};
/* End PBXFrameworksBuildPhase section */

/* Begin PBXGroup section */
		27D8695F2D0DA8751C22F783 /* Pods */ = {
			isa = PBXGroup;
			children = (
				AC570E4BABB942942C2B6821 /* Pods-Top Stories.debug.xcconfig */,
				4CF3C0017768B511F77FF34E /* Pods-Top Stories.release.xcconfig */,
			);
			path = Pods;
			sourceTree = "<group>";
		};
		6304BD56252F687F00B47B33 /* Model */ = {
			isa = PBXGroup;
			children = (
				6304BD5A252F8E5A00B47B33 /* Database.swift */,
				63F1BAE32534FEAC00B7180D /* Network.swift */,
			);
			path = Model;
			sourceTree = "<group>";
		};
		6304BD57252F688600B47B33 /* View */ = {
			isa = PBXGroup;
			children = (
				634A7B2D252F36E800F28A67 /* Main.storyboard */,
				634A7B35252F36EE00F28A67 /* LaunchScreen.storyboard */,
			);
			path = View;
			sourceTree = "<group>";
		};
		6304BD58252F688B00B47B33 /* Controller */ = {
			isa = PBXGroup;
			children = (
				634A7B2B252F36E800F28A67 /* topViewController.swift */,
				63F1BAE02530A89700B7180D /* topStoriesCell.swift */,
			);
			path = Controller;
			sourceTree = "<group>";
		};
		634A7B1B252F36E800F28A67 = {
			isa = PBXGroup;
			children = (
				634A7B26252F36E800F28A67 /* Top Stories */,
				634A7B25252F36E800F28A67 /* Products */,
				27D8695F2D0DA8751C22F783 /* Pods */,
				ABE420D502732C5648E18283 /* Frameworks */,
			);
			sourceTree = "<group>";
		};
		634A7B25252F36E800F28A67 /* Products */ = {
			isa = PBXGroup;
			children = (
				634A7B24252F36E800F28A67 /* Top Stories.app */,
			);
			name = Products;
			sourceTree = "<group>";
		};
		634A7B26252F36E800F28A67 /* Top Stories */ = {
			isa = PBXGroup;
			children = (
				6304BD57252F688600B47B33 /* View */,
				6304BD58252F688B00B47B33 /* Controller */,
				6304BD56252F687F00B47B33 /* Model */,
				634A7B27252F36E800F28A67 /* AppDelegate.swift */,
				634A7B29252F36E800F28A67 /* SceneDelegate.swift */,
				634A7B33252F36EE00F28A67 /* Assets.xcassets */,
				634A7B38252F36EE00F28A67 /* Info.plist */,
				634A7B30252F36E800F28A67 /* Top_Stories.xcdatamodeld */,
			);
			path = "Top Stories";
			sourceTree = "<group>";
		};
		ABE420D502732C5648E18283 /* Frameworks */ = {
			isa = PBXGroup;
			children = (
				3E125666A92BFA8A42C53746 /* Pods_Top_Stories.framework */,
			);
			name = Frameworks;
			sourceTree = "<group>";
		};
/* End PBXGroup section */

/* Begin PBXNativeTarget section */
		634A7B23252F36E800F28A67 /* Top Stories */ = {
			isa = PBXNativeTarget;
			buildConfigurationList = 634A7B3B252F36EE00F28A67 /* Build configuration list for PBXNativeTarget "Top Stories" */;
			buildPhases = (
				E3335D2EC08BF5DEE814F33E /* [CP] Check Pods Manifest.lock */,
				634A7B20252F36E800F28A67 /* Sources */,
				634A7B21252F36E800F28A67 /* Frameworks */,
				634A7B22252F36E800F28A67 /* Resources */,
				99DA73FB2784EED30BEFC67F /* [CP] Embed Pods Frameworks */,
			);
			buildRules = (
			);
			dependencies = (
			);
			name = "Top Stories";
			productName = "Top Stories";
			productReference = 634A7B24252F36E800F28A67 /* Top Stories.app */;
			productType = "com.apple.product-type.application";
		};
/* End PBXNativeTarget section */

/* Begin PBXProject section */
		634A7B1C252F36E800F28A67 /* Project object */ = {
			isa = PBXProject;
			attributes = {
				LastSwiftUpdateCheck = 1200;
				LastUpgradeCheck = 1200;
				TargetAttributes = {
					634A7B23252F36E800F28A67 = {
						CreatedOnToolsVersion = 12.0.1;
					};
				};
			};
			buildConfigurationList = 634A7B1F252F36E800F28A67 /* Build configuration list for PBXProject "Top Stories" */;
			compatibilityVersion = "Xcode 9.3";
			developmentRegion = en;
			hasScannedForEncodings = 0;
			knownRegions = (
				en,
				Base,
			);
			mainGroup = 634A7B1B252F36E800F28A67;
			productRefGroup = 634A7B25252F36E800F28A67 /* Products */;
			projectDirPath = "";
			projectRoot = "";
			targets = (
				634A7B23252F36E800F28A67 /* Top Stories */,
			);
		};
/* End PBXProject section */

/* Begin PBXResourcesBuildPhase section */
		634A7B22252F36E800F28A67 /* Resources */ = {
			isa = PBXResourcesBuildPhase;
			buildActionMask = 2147483647;
			files = (
				634A7B37252F36EE00F28A67 /* LaunchScreen.storyboard in Resources */,
				634A7B34252F36EE00F28A67 /* Assets.xcassets in Resources */,
				634A7B2F252F36E800F28A67 /* Main.storyboard in Resources */,
			);
			runOnlyForDeploymentPostprocessing = 0;
		};
/* End PBXResourcesBuildPhase section */

/* Begin PBXShellScriptBuildPhase section */
		99DA73FB2784EED30BEFC67F /* [CP] Embed Pods Frameworks */ = {
			isa = PBXShellScriptBuildPhase;
			buildActionMask = 2147483647;
			files = (
			);
			inputFileListPaths = (
				"${PODS_ROOT}/Target Support Files/Pods-Top Stories/Pods-Top Stories-frameworks-${CONFIGURATION}-input-files.xcfilelist",
			);
			name = "[CP] Embed Pods Frameworks";
			outputFileListPaths = (
				"${PODS_ROOT}/Target Support Files/Pods-Top Stories/Pods-Top Stories-frameworks-${CONFIGURATION}-output-files.xcfilelist",
			);
			runOnlyForDeploymentPostprocessing = 0;
			shellPath = /bin/sh;
			shellScript = "\"${PODS_ROOT}/Target Support Files/Pods-Top Stories/Pods-Top Stories-frameworks.sh\"\n";
			showEnvVarsInLog = 0;
		};
		E3335D2EC08BF5DEE814F33E /* [CP] Check Pods Manifest.lock */ = {
			isa = PBXShellScriptBuildPhase;
			buildActionMask = 2147483647;
			files = (
			);
			inputFileListPaths = (
			);
			inputPaths = (
				"${PODS_PODFILE_DIR_PATH}/Podfile.lock",
				"${PODS_ROOT}/Manifest.lock",
			);
			name = "[CP] Check Pods Manifest.lock";
			outputFileListPaths = (
			);
			outputPaths = (
				"$(DERIVED_FILE_DIR)/Pods-Top Stories-checkManifestLockResult.txt",
			);
			runOnlyForDeploymentPostprocessing = 0;
			shellPath = /bin/sh;
			shellScript = "diff \"${PODS_PODFILE_DIR_PATH}/Podfile.lock\" \"${PODS_ROOT}/Manifest.lock\" > /dev/null\nif [ $? != 0 ] ; then\n    # print error to STDERR\n    echo \"error: The sandbox is not in sync with the Podfile.lock. Run 'pod install' or update your CocoaPods installation.\" >&2\n    exit 1\nfi\n# This output is used by Xcode 'outputs' to avoid re-running this script phase.\necho \"SUCCESS\" > \"${SCRIPT_OUTPUT_FILE_0}\"\n";
			showEnvVarsInLog = 0;
		};
/* End PBXShellScriptBuildPhase section */

/* Begin PBXSourcesBuildPhase section */
		634A7B20252F36E800F28A67 /* Sources */ = {
			isa = PBXSourcesBuildPhase;
			buildActionMask = 2147483647;
			files = (
				634A7B2C252F36E800F28A67 /* topViewController.swift in Sources */,
				634A7B28252F36E800F28A67 /* AppDelegate.swift in Sources */,
				634A7B2A252F36E800F28A67 /* SceneDelegate.swift in Sources */,
				63F1BAE12530A89700B7180D /* topStoriesCell.swift in Sources */,
				6304BD5B252F8E5A00B47B33 /* Database.swift in Sources */,
				63F1BAE42534FEAD00B7180D /* Network.swift in Sources */,
				634A7B32252F36E800F28A67 /* Top_Stories.xcdatamodeld in Sources */,
			);
			runOnlyForDeploymentPostprocessing = 0;
		};
/* End PBXSourcesBuildPhase section */

/* Begin PBXVariantGroup section */
		634A7B2D252F36E800F28A67 /* Main.storyboard */ = {
			isa = PBXVariantGroup;
			children = (
				634A7B2E252F36E800F28A67 /* Base */,
			);
			name = Main.storyboard;
			sourceTree = "<group>";
		};
		634A7B35252F36EE00F28A67 /* LaunchScreen.storyboard */ = {
			isa = PBXVariantGroup;
			children = (
				634A7B36252F36EE00F28A67 /* Base */,
			);
			name = LaunchScreen.storyboard;
			sourceTree = "<group>";
		};
/* End PBXVariantGroup section */

/* Begin XCBuildConfiguration section */
		634A7B39252F36EE00F28A67 /* Debug */ = {
			isa = XCBuildConfiguration;
			buildSettings = {
				ALWAYS_SEARCH_USER_PATHS = NO;
				CLANG_ANALYZER_NONNULL = YES;
				CLANG_ANALYZER_NUMBER_OBJECT_CONVERSION = YES_AGGRESSIVE;
				CLANG_CXX_LANGUAGE_STANDARD = "gnu++14";
				CLANG_CXX_LIBRARY = "libc++";
				CLANG_ENABLE_MODULES = YES;
				CLANG_ENABLE_OBJC_ARC = YES;
				CLANG_ENABLE_OBJC_WEAK = YES;
				CLANG_WARN_BLOCK_CAPTURE_AUTORELEASING = YES;
				CLANG_WARN_BOOL_CONVERSION = YES;
				CLANG_WARN_COMMA = YES;
				CLANG_WARN_CONSTANT_CONVERSION = YES;
				CLANG_WARN_DEPRECATED_OBJC_IMPLEMENTATIONS = YES;
				CLANG_WARN_DIRECT_OBJC_ISA_USAGE = YES_ERROR;
				CLANG_WARN_DOCUMENTATION_COMMENTS = YES;
				CLANG_WARN_EMPTY_BODY = YES;
				CLANG_WARN_ENUM_CONVERSION = YES;
				CLANG_WARN_INFINITE_RECURSION = YES;
				CLANG_WARN_INT_CONVERSION = YES;
				CLANG_WARN_NON_LITERAL_NULL_CONVERSION = YES;
				CLANG_WARN_OBJC_IMPLICIT_RETAIN_SELF = YES;
				CLANG_WARN_OBJC_LITERAL_CONVERSION = YES;
				CLANG_WARN_OBJC_ROOT_CLASS = YES_ERROR;
				CLANG_WARN_QUOTED_INCLUDE_IN_FRAMEWORK_HEADER = YES;
				CLANG_WARN_RANGE_LOOP_ANALYSIS = YES;
				CLANG_WARN_STRICT_PROTOTYPES = YES;
				CLANG_WARN_SUSPICIOUS_MOVE = YES;
				CLANG_WARN_UNGUARDED_AVAILABILITY = YES_AGGRESSIVE;
				CLANG_WARN_UNREACHABLE_CODE = YES;
				CLANG_WARN__DUPLICATE_METHOD_MATCH = YES;
				COPY_PHASE_STRIP = NO;
				DEBUG_INFORMATION_FORMAT = dwarf;
				ENABLE_STRICT_OBJC_MSGSEND = YES;
				ENABLE_TESTABILITY = YES;
				GCC_C_LANGUAGE_STANDARD = gnu11;
				GCC_DYNAMIC_NO_PIC = NO;
				GCC_NO_COMMON_BLOCKS = YES;
				GCC_OPTIMIZATION_LEVEL = 0;
				GCC_PREPROCESSOR_DEFINITIONS = (
					"DEBUG=1",
					"$(inherited)",
				);
				GCC_WARN_64_TO_32_BIT_CONVERSION = YES;
				GCC_WARN_ABOUT_RETURN_TYPE = YES_ERROR;
				GCC_WARN_UNDECLARED_SELECTOR = YES;
				GCC_WARN_UNINITIALIZED_AUTOS = YES_AGGRESSIVE;
				GCC_WARN_UNUSED_FUNCTION = YES;
				GCC_WARN_UNUSED_VARIABLE = YES;
				IPHONEOS_DEPLOYMENT_TARGET = 14.0;
				MTL_ENABLE_DEBUG_INFO = INCLUDE_SOURCE;
				MTL_FAST_MATH = YES;
				ONLY_ACTIVE_ARCH = YES;
				SDKROOT = iphoneos;
				SWIFT_ACTIVE_COMPILATION_CONDITIONS = DEBUG;
				SWIFT_OPTIMIZATION_LEVEL = "-Onone";
			};
			name = Debug;
		};
		634A7B3A252F36EE00F28A67 /* Release */ = {
			isa = XCBuildConfiguration;
			buildSettings = {
				ALWAYS_SEARCH_USER_PATHS = NO;
				CLANG_ANALYZER_NONNULL = YES;
				CLANG_ANALYZER_NUMBER_OBJECT_CONVERSION = YES_AGGRESSIVE;
				CLANG_CXX_LANGUAGE_STANDARD = "gnu++14";
				CLANG_CXX_LIBRARY = "libc++";
				CLANG_ENABLE_MODULES = YES;
				CLANG_ENABLE_OBJC_ARC = YES;
				CLANG_ENABLE_OBJC_WEAK = YES;
				CLANG_WARN_BLOCK_CAPTURE_AUTORELEASING = YES;
				CLANG_WARN_BOOL_CONVERSION = YES;
				CLANG_WARN_COMMA = YES;
				CLANG_WARN_CONSTANT_CONVERSION = YES;
				CLANG_WARN_DEPRECATED_OBJC_IMPLEMENTATIONS = YES;
				CLANG_WARN_DIRECT_OBJC_ISA_USAGE = YES_ERROR;
				CLANG_WARN_DOCUMENTATION_COMMENTS = YES;
				CLANG_WARN_EMPTY_BODY = YES;
				CLANG_WARN_ENUM_CONVERSION = YES;
				CLANG_WARN_INFINITE_RECURSION = YES;
				CLANG_WARN_INT_CONVERSION = YES;
				CLANG_WARN_NON_LITERAL_NULL_CONVERSION = YES;
				CLANG_WARN_OBJC_IMPLICIT_RETAIN_SELF = YES;
				CLANG_WARN_OBJC_LITERAL_CONVERSION = YES;
				CLANG_WARN_OBJC_ROOT_CLASS = YES_ERROR;
				CLANG_WARN_QUOTED_INCLUDE_IN_FRAMEWORK_HEADER = YES;
				CLANG_WARN_RANGE_LOOP_ANALYSIS = YES;
				CLANG_WARN_STRICT_PROTOTYPES = YES;
				CLANG_WARN_SUSPICIOUS_MOVE = YES;
				CLANG_WARN_UNGUARDED_AVAILABILITY = YES_AGGRESSIVE;
				CLANG_WARN_UNREACHABLE_CODE = YES;
				CLANG_WARN__DUPLICATE_METHOD_MATCH = YES;
				COPY_PHASE_STRIP = NO;
				DEBUG_INFORMATION_FORMAT = "dwarf-with-dsym";
				ENABLE_NS_ASSERTIONS = NO;
				ENABLE_STRICT_OBJC_MSGSEND = YES;
				GCC_C_LANGUAGE_STANDARD = gnu11;
				GCC_NO_COMMON_BLOCKS = YES;
				GCC_WARN_64_TO_32_BIT_CONVERSION = YES;
				GCC_WARN_ABOUT_RETURN_TYPE = YES_ERROR;
				GCC_WARN_UNDECLARED_SELECTOR = YES;
				GCC_WARN_UNINITIALIZED_AUTOS = YES_AGGRESSIVE;
				GCC_WARN_UNUSED_FUNCTION = YES;
				GCC_WARN_UNUSED_VARIABLE = YES;
				IPHONEOS_DEPLOYMENT_TARGET = 14.0;
				MTL_ENABLE_DEBUG_INFO = NO;
				MTL_FAST_MATH = YES;
				SDKROOT = iphoneos;
				SWIFT_COMPILATION_MODE = wholemodule;
				SWIFT_OPTIMIZATION_LEVEL = "-O";
				VALIDATE_PRODUCT = YES;
			};
			name = Release;
		};
		634A7B3C252F36EE00F28A67 /* Debug */ = {
			isa = XCBuildConfiguration;
			baseConfigurationReference = AC570E4BABB942942C2B6821 /* Pods-Top Stories.debug.xcconfig */;
			buildSettings = {
				ASSETCATALOG_COMPILER_APPICON_NAME = AppIcon;
				ASSETCATALOG_COMPILER_GLOBAL_ACCENT_COLOR_NAME = AccentColor;
				CODE_SIGN_STYLE = Automatic;
				DEVELOPMENT_TEAM = R3M5YPWPF7;
				INFOPLIST_FILE = "Top Stories/Info.plist";
				IPHONEOS_DEPLOYMENT_TARGET = 13.0;
				LD_RUNPATH_SEARCH_PATHS = (
					"$(inherited)",
					"@executable_path/Frameworks",
				);
				PRODUCT_BUNDLE_IDENTIFIER = "papunidisdevelopment.Top-Stories";
				PRODUCT_NAME = "$(TARGET_NAME)";
				SWIFT_VERSION = 5.0;
				TARGETED_DEVICE_FAMILY = "1,2";
			};
			name = Debug;
		};
		634A7B3D252F36EE00F28A67 /* Release */ = {
			isa = XCBuildConfiguration;
			baseConfigurationReference = 4CF3C0017768B511F77FF34E /* Pods-Top Stories.release.xcconfig */;
			buildSettings = {
				ASSETCATALOG_COMPILER_APPICON_NAME = AppIcon;
				ASSETCATALOG_COMPILER_GLOBAL_ACCENT_COLOR_NAME = AccentColor;
				CODE_SIGN_STYLE = Automatic;
				DEVELOPMENT_TEAM = R3M5YPWPF7;
				INFOPLIST_FILE = "Top Stories/Info.plist";
				IPHONEOS_DEPLOYMENT_TARGET = 13.0;
				LD_RUNPATH_SEARCH_PATHS = (
					"$(inherited)",
					"@executable_path/Frameworks",
				);
				PRODUCT_BUNDLE_IDENTIFIER = "papunidisdevelopment.Top-Stories";
				PRODUCT_NAME = "$(TARGET_NAME)";
				SWIFT_VERSION = 5.0;
				TARGETED_DEVICE_FAMILY = "1,2";
			};
			name = Release;
		};
/* End XCBuildConfiguration section */

/* Begin XCConfigurationList section */
		634A7B1F252F36E800F28A67 /* Build configuration list for PBXProject "Top Stories" */ = {
			isa = XCConfigurationList;
			buildConfigurations = (
				634A7B39252F36EE00F28A67 /* Debug */,
				634A7B3A252F36EE00F28A67 /* Release */,
			);
			defaultConfigurationIsVisible = 0;
			defaultConfigurationName = Release;
		};
		634A7B3B252F36EE00F28A67 /* Build configuration list for PBXNativeTarget "Top Stories" */ = {
			isa = XCConfigurationList;
			buildConfigurations = (
				634A7B3C252F36EE00F28A67 /* Debug */,
				634A7B3D252F36EE00F28A67 /* Release */,
			);
			defaultConfigurationIsVisible = 0;
			defaultConfigurationName = Release;
		};
/* End XCConfigurationList section */

/* Begin XCVersionGroup section */
		634A7B30252F36E800F28A67 /* Top_Stories.xcdatamodeld */ = {
			isa = XCVersionGroup;
			children = (
				634A7B31252F36E800F28A67 /* Top_Stories.xcdatamodel */,
			);
			currentVersion = 634A7B31252F36E800F28A67 /* Top_Stories.xcdatamodel */;
			path = Top_Stories.xcdatamodeld;
			sourceTree = "<group>";
			versionGroupType = wrapper.xcdatamodel;
		};
/* End XCVersionGroup section */
	};
	rootObject = 634A7B1C252F36E800F28A67 /* Project object */;
}
